                "pbkdf2": "^3.1.3",
                "pbkdf2": "^3.1.3",
            "version": "3.1.3",
            "resolved": "https://registry.npmjs.org/pbkdf2/-/pbkdf2-3.1.3.tgz",
            "integrity": "sha512-wfRLBZ0feWRhCIkoMB6ete7czJcnNnqRpcoWQBLqatqXXmelSRqfdDK4F3u9T2s2cXas/hQJcryI/4lAL+XTlA==",
                "create-hash": "~1.1.3",
                "create-hmac": "^1.1.7",
                "ripemd160": "=2.0.1",
                "safe-buffer": "^5.2.1",
                "sha.js": "^2.4.11",
                "to-buffer": "^1.2.0"
