{
  "name": "end-to-end-test",
  "version": "1.0.0",
  "lockfileVersion": 2,
  "requires": true,
  "packages": {
    "": {
      "name": "end-to-end-test",
      "version": "1.0.0",
      "license": "ISC",
      "dependencies": {
        "@playwright/test": "^1.29.2",
        "dotenv": "^16.0.3"
      }
    },
    "node_modules/@playwright/test": {
      "version": "1.29.2",
      "resolved": "https://registry.npmjs.org/@playwright/test/-/test-1.29.2.tgz",
      "integrity": "sha512-+3/GPwOgcoF0xLz/opTnahel1/y42PdcgZ4hs+BZGIUjtmEFSXGg+nFoaH3NSmuc7a6GSFwXDJ5L7VXpqzigNg==",
      "dependencies": {
        "@types/node": "*",
        "playwright-core": "1.29.2"
      },
      "bin": {
        "playwright": "cli.js"
      },
      "engines": {
        "node": ">=14"
      }
    },
    "node_modules/@types/node": {
      "version": "18.11.9",
      "resolved": "https://registry.npmjs.org/@types/node/-/node-18.11.9.tgz",
      "integrity": "sha512-CRpX21/kGdzjOpFsZSkcrXMGIBWMGNIHXXBVFSH+ggkftxg+XYP20TESbh+zFvFj3EQOl5byk0HTRn1IL6hbqg=="
    },
    "node_modules/dotenv": {
      "version": "16.0.3",
      "resolved": "https://registry.npmjs.org/dotenv/-/dotenv-16.0.3.tgz",
      "integrity": "sha512-7GO6HghkA5fYG9TYnNxi14/7K9f5occMlp3zXAuSxn7CKCxt9xbNWG7yF8hTCSUchlfWSe3uLmlPfigevRItzQ==",
      "engines": {
        "node": ">=12"
      }
    },
    "node_modules/playwright-core": {
      "version": "1.29.2",
      "resolved": "https://registry.npmjs.org/playwright-core/-/playwright-core-1.29.2.tgz",
      "integrity": "sha512-94QXm4PMgFoHAhlCuoWyaBYKb92yOcGVHdQLoxQ7Wjlc7Flg4aC/jbFW7xMR52OfXMVkWicue4WXE7QEegbIRA==",
      "bin": {
        "playwright": "cli.js"
      },
      "engines": {
        "node": ">=14"
      }
    }
  },
  "dependencies": {
    "@playwright/test": {
      "version": "1.29.2",
      "resolved": "https://registry.npmjs.org/@playwright/test/-/test-1.29.2.tgz",
      "integrity": "sha512-+3/GPwOgcoF0xLz/opTnahel1/y42PdcgZ4hs+BZGIUjtmEFSXGg+nFoaH3NSmuc7a6GSFwXDJ5L7VXpqzigNg==",
      "requires": {
        "@types/node": "*",
        "playwright-core": "1.29.2"
      }
    },
    "@types/node": {
      "version": "18.11.9",
      "resolved": "https://registry.npmjs.org/@types/node/-/node-18.11.9.tgz",
      "integrity": "sha512-CRpX21/kGdzjOpFsZSkcrXMGIBWMGNIHXXBVFSH+ggkftxg+XYP20TESbh+zFvFj3EQOl5byk0HTRn1IL6hbqg=="
    },
    "dotenv": {
      "version": "16.0.3",
      "resolved": "https://registry.npmjs.org/dotenv/-/dotenv-16.0.3.tgz",
      "integrity": "sha512-7GO6HghkA5fYG9TYnNxi14/7K9f5occMlp3zXAuSxn7CKCxt9xbNWG7yF8hTCSUchlfWSe3uLmlPfigevRItzQ=="
    },
    "playwright-core": {
      "version": "1.29.2",
      "resolved": "https://registry.npmjs.org/playwright-core/-/playwright-core-1.29.2.tgz",
      "integrity": "sha512-94QXm4PMgFoHAhlCuoWyaBYKb92yOcGVHdQLoxQ7Wjlc7Flg4aC/jbFW7xMR52OfXMVkWicue4WXE7QEegbIRA=="
    }
  }
}
