{
    "name": "@deriv/core",
    "version": "0.1.0",
    "lockfileVersion": 1,
    "requires": true,
    "dependencies": {
        "react-loadable-hooks": {
            "version": "1.0.2",
            "resolved": "https://registry.npmjs.org/react-loadable-hooks/-/react-loadable-hooks-1.0.2.tgz",
            "integrity": "sha512-RXA0FD/hF0PN+7XjsM7CLR/dn2rGyoXpvLF1rOfsXVErZ+Y4rUAzU+dAq+3ccwatwEnosbfjvgmk/Zq4z0UddA=="
        }
    }
}
